
Microsoft Visual Studio Solution File, Format Version 12.00
# Visual Studio Version 17
VisualStudioVersion = 17.9.34622.214
MinimumVisualStudioVersion = 10.0.40219.1
Project("{FAE04EC0-301F-11D3-BF4B-00C04F79EFBC}") = "DemoCamunda", "DemoCamunda.csproj", "{989C3BA0-66B4-4626-A8E5-AB563AA4CFEC}"
EndProject
Global
	GlobalSection(SolutionConfigurationPlatforms) = preSolution
		Debug|Any CPU = Debug|Any CPU
		Release|Any CPU = Release|Any CPU
	EndGlobalSection
	GlobalSection(ProjectConfigurationPlatforms) = postSolution
		{989C3BA0-66B4-4626-A8E5-AB563AA4CFEC}.Debug|Any CPU.ActiveCfg = Debug|Any CPU
		{989C3BA0-66B4-4626-A8E5-AB563AA4CFEC}.Debug|Any CPU.Build.0 = Debug|Any CPU
		{989C3BA0-66B4-4626-A8E5-AB563AA4CFEC}.Release|Any CPU.ActiveCfg = Release|Any CPU
		{989C3BA0-66B4-4626-A8E5-AB563AA4CFEC}.Release|Any CPU.Build.0 = Release|Any CPU
	EndGlobalSection
	GlobalSection(SolutionProperties) = preSolution
		HideSolutionNode = FALSE
	EndGlobalSection
	GlobalSection(ExtensibilityGlobals) = postSolution
		SolutionGuid = {E537F012-06EF-4A07-AE74-DD8153E18ACE}
	EndGlobalSection
EndGlobal
